
Microsoft Visual Studio Solution File, Format Version 12.00
# Visual Studio Version 17
VisualStudioVersion = 17.13.35825.156
MinimumVisualStudioVersion = 10.0.40219.1
Project("{2150E333-8FDC-42A3-9474-1A3956D46DE8}") = "chapter01", "chapter01", "{DDB4EF12-CC4E-5E88-E6FC-71A802F4DE97}"
EndProject
Project("{FAE04EC0-301F-11D3-BF4B-00C04F79EFBC}") = "ProductSample", "chapter01\ProductSample\ProductSample.csproj", "{1F488F18-717E-45EE-BE0E-AD0EF07CD95E}"
EndProject
Project("{2150E333-8FDC-42A3-9474-1A3956D46DE8}") = "chapter02", "chapter02", "{7D999E71-48F5-40AF-A022-B19A059AA7CE}"
EndProject
Project("{FAE04EC0-301F-11D3-BF4B-00C04F79EFBC}") = "DistanceConverter", "chapter02\DistanceConverter\DistanceConverter.csproj", "{A131D303-ED37-402C-A4D4-F7EA54913FCB}"
EndProject
Project("{2150E333-8FDC-42A3-9474-1A3956D46DE8}") = "演習問題", "演習問題", "{57E4A291-CB0A-4E5C-ACDD-C50250A39555}"
EndProject
Project("{FAE04EC0-301F-11D3-BF4B-00C04F79EFBC}") = "Exercise02", "chapter02\演習問題\Exercise02\Exercise02.csproj", "{07A22928-2E5D-421E-8B59-6F80A9D3BCDD}"
EndProject
Project("{2150E333-8FDC-42A3-9474-1A3956D46DE8}") = "距離換算プログラム", "距離換算プログラム", "{66F306B3-1F66-4DE9-900F-21F03CB9A47F}"
EndProject
Project("{2150E333-8FDC-42A3-9474-1A3956D46DE8}") = "FormApps", "FormApps", "{25D6634D-33F9-403F-9F9B-4ECC27009472}"
EndProject
Project("{FAE04EC0-301F-11D3-BF4B-00C04F79EFBC}") = "UnitConverter", "FormApps\新しいフォルダー\UnitConverter\UnitConverter.csproj", "{89486367-376A-4659-A4E6-39AC131A9705}"
EndProject
Project("{FAE04EC0-301F-11D3-BF4B-00C04F79EFBC}") = "StopWatch", "FormApps\StopWatch\StopWatch.csproj", "{E22A0E9D-14B4-4C92-BEE7-F68F7BF609F6}"
EndProject
Project("{2150E333-8FDC-42A3-9474-1A3956D46DE8}") = "売上げ集計プログラム", "売上げ集計プログラム", "{6A13549D-9360-43B0-B814-2C43C5C317E6}"
EndProject
Project("{FAE04EC0-301F-11D3-BF4B-00C04F79EFBC}") = "SalesCalculator", "chapter02\chapter02\SalesCalculator\SalesCalculator.csproj", "{1FDC09C3-8542-4B51-84AA-05700A57724C}"
EndProject
Project("{FAE04EC0-301F-11D3-BF4B-00C04F79EFBC}") = "Exercise01", "chapter02\演習問題\Exercise01\Exercise01.csproj", "{384FAF94-6297-41A6-B0A8-2035AF83A602}"
EndProject
Project("{2150E333-8FDC-42A3-9474-1A3956D46DE8}") = "Chapter03", "Chapter03", "{6110D528-87FF-4E8D-84BB-F819DF844257}"
EndProject
Project("{FAE04EC0-301F-11D3-BF4B-00C04F79EFBC}") = "Section01", "Chapter03\Section01\Section01.csproj", "{67F6A97A-D35F-4FFB-A8FB-A8BDC7A4F96B}"
EndProject
Project("{2150E333-8FDC-42A3-9474-1A3956D46DE8}") = "演習問題", "演習問題", "{A2985542-64D3-4E45-BCA2-15175326FB94}"
EndProject
Project("{FAE04EC0-301F-11D3-BF4B-00C04F79EFBC}") = "Exercise02", "Chapter03\演習問題\Exercise02\Exercise02.csproj", "{F9BA6018-63E6-43C6-B2F8-2C63AFF8F727}"
EndProject
Project("{FAE04EC0-301F-11D3-BF4B-00C04F79EFBC}") = "Section04", "Chapter03\Section04\Section04\Section04.csproj", "{375C6FC5-91E3-461A-8CDB-EE432A7F0F28}"
EndProject
Project("{FAE04EC0-301F-11D3-BF4B-00C04F79EFBC}") = "Exercise01", "Chapter03\演習問題\Exercise01\Exercise01.csproj", "{4EA682F1-DA2F-49CE-A60C-B75642468CD9}"
EndProject
Project("{2150E333-8FDC-42A3-9474-1A3956D46DE8}") = "Chapter04", "Chapter04", "{03E4D401-EB6B-4AEE-A23E-2F0C804B8097}"
EndProject
Project("{FAE04EC0-301F-11D3-BF4B-00C04F79EFBC}") = "Section04", "Chapter04\Section04\Section04.csproj", "{3CD96A1F-50EC-4F58-8B96-FCAD33657738}"
EndProject
Project("{2150E333-8FDC-42A3-9474-1A3956D46DE8}") = "演習問題", "演習問題", "{E6A3E396-8618-4A63-B2E8-76BB83316BCE}"
EndProject
Project("{FAE04EC0-301F-11D3-BF4B-00C04F79EFBC}") = "Exercise01", "Chapter04\演習問題\Exercise01\Exercise01.csproj", "{A9E132A5-8540-48EF-976E-836CEF02D4C0}"
EndProject
Project("{FAE04EC0-301F-11D3-BF4B-00C04F79EFBC}") = "Exercise02", "Chapter04\演習問題\Exercise02\Exercise02.csproj", "{CA9360D3-08EB-428D-9695-F80B79B63F1D}"
EndProject
Project("{2150E333-8FDC-42A3-9474-1A3956D46DE8}") = "LINQ", "LINQ", "{B9DE1BBB-3DCE-4DB1-9C20-43F38DCAE001}"
EndProject
Project("{FAE04EC0-301F-11D3-BF4B-00C04F79EFBC}") = "Linqsample", "LINQ\Linqsample\Linqsample.csproj", "{D0FB9E2B-4E93-412D-8305-D2C0D0977C7F}"
EndProject
Project("{2150E333-8FDC-42A3-9474-1A3956D46DE8}") = "Chapter07", "Chapter07", "{B43AED01-0BA9-4571-96C4-2F4F3EF16774}"
EndProject
Project("{2150E333-8FDC-42A3-9474-1A3956D46DE8}") = "演習問題", "演習問題", "{F0212FDE-A83D-420F-906F-300DCF3FCC47}"
EndProject
Project("{FAE04EC0-301F-11D3-BF4B-00C04F79EFBC}") = "Exercise01", "Chapter07\演習問題\Exercise01\Exercise01.csproj", "{BCB182B6-05B4-4A80-A350-83B620D4D42B}"
EndProject
Project("{FAE04EC0-301F-11D3-BF4B-00C04F79EFBC}") = "Section01", "Chapter07\Section01\Section01.csproj", "{59BCE11F-DAD1-4424-9163-3544C4B06F20}"
EndProject
Project("{FAE04EC0-301F-11D3-BF4B-00C04F79EFBC}") = "Section05", "Chapter07\Section05\Section05.csproj", "{ECE800C6-48AB-489C-9E89-DCD2A5EE348B}"
EndProject
Project("{FAE04EC0-301F-11D3-BF4B-00C04F79EFBC}") = "Exercise02", "Chapter07\演習問題\Exercise02\Exercise02.csproj", "{C64A4A8F-210A-4583-86F2-980A168F1957}"
EndProject
Project("{2150E333-8FDC-42A3-9474-1A3956D46DE8}") = "Chapter06", "Chapter06", "{ABE2A59E-F104-4D17-8C8B-5F98922F5FB7}"
EndProject
Project("{FAE04EC0-301F-11D3-BF4B-00C04F79EFBC}") = "Section01", "Chapter06\Section01\Section01.csproj", "{78B1321A-E70D-422B-804C-9A435E2492A0}"
EndProject
Project("{2150E333-8FDC-42A3-9474-1A3956D46DE8}") = "演習問題", "演習問題", "{11F5C0F0-E726-4D35-B968-AC707606F9D7}"
EndProject
Project("{FAE04EC0-301F-11D3-BF4B-00C04F79EFBC}") = "Exercise01", "Chapter06\演習問題\Exercise01\Exercise01.csproj", "{78BD859B-06B0-4CD5-A75A-FCDBCE023A17}"
EndProject
Project("{FAE04EC0-301F-11D3-BF4B-00C04F79EFBC}") = "Exercise03", "Chapter06\演習問題\Exercise03\Exercise03.csproj", "{0AC67E3B-4613-448D-987F-EBEACED04C6B}"
EndProject
Project("{FAE04EC0-301F-11D3-BF4B-00C04F79EFBC}") = "Exercise04", "Chapter06\演習問題\Exercise04\Exercise04.csproj", "{FD40D563-3F2D-44E5-B965-BB6A7D101A1F}"
EndProject
Project("{FAE04EC0-301F-11D3-BF4B-00C04F79EFBC}") = "Section03", "Chapter06\Section03\Section03.csproj", "{DCC6F1F1-1A5B-4767-AFCA-2234ADA5DBA1}"
EndProject
Project("{2150E333-8FDC-42A3-9474-1A3956D46DE8}") = "Chapter05", "Chapter05", "{E6774973-5A4A-4D00-8DFC-C7064E592A2B}"
EndProject
Project("{2150E333-8FDC-42A3-9474-1A3956D46DE8}") = "演習問題", "演習問題", "{97585741-A6AC-4C77-A30E-A978F02CB90A}"
EndProject
Project("{FAE04EC0-301F-11D3-BF4B-00C04F79EFBC}") = "Section01", "Chapter05\Section01\Section01.csproj", "{D207CC77-AF7B-4E74-BA21-C1211D8E706D}"
EndProject
Project("{FAE04EC0-301F-11D3-BF4B-00C04F79EFBC}") = "Section02", "Chapter05\Section02\Section02.csproj", "{5FBC3BD9-7B7F-4EC4-A6FF-FAE3AB250DB0}"
EndProject
Project("{FAE04EC0-301F-11D3-BF4B-00C04F79EFBC}") = "Exercise01", "Chapter05\演習問題\Exercise01\Exercise01.csproj", "{92A9FBFE-CAE9-4B73-A01B-888F490FE0E4}"
EndProject
Project("{FAE04EC0-301F-11D3-BF4B-00C04F79EFBC}") = "Exercise02", "Chapter05\演習問題\Exercise02\Exercise02.csproj", "{85DCFBC7-6EDD-4FDB-AD5A-2A6C2605B878}"
EndProject
Project("{2150E333-8FDC-42A3-9474-1A3956D46DE8}") = "Chapter08", "Chapter08", "{3BF585AA-09AF-437A-A9B6-D5C5E3CD9B88}"
EndProject
Project("{2150E333-8FDC-42A3-9474-1A3956D46DE8}") = "演習問題", "演習問題", "{70A56A71-0B2D-4640-9F41-76A7E9A0C10F}"
EndProject
Project("{FAE04EC0-301F-11D3-BF4B-00C04F79EFBC}") = "Exercise01", "Chapter08\演習問題\Exercise01\Exercise01.csproj", "{1A797DA8-258A-4917-B64F-966B8830ECDF}"
EndProject
Project("{FAE04EC0-301F-11D3-BF4B-00C04F79EFBC}") = "Section03", "Chapter08\Section03\Section03.csproj", "{729033D9-E2DE-434B-986E-2D57BE5F64BD}"
EndProject
Project("{FAE04EC0-301F-11D3-BF4B-00C04F79EFBC}") = "Exercise02", "Chapter08\演習問題\Exercise02\Exercise02.csproj", "{1D381EBE-8C2F-4691-929B-A65BBA629257}"
EndProject
Project("{2150E333-8FDC-42A3-9474-1A3956D46DE8}") = "Test01", "Test01", "{41D36857-B00C-4C04-BF6F-B9A98E54DECA}"
EndProject
Project("{FAE04EC0-301F-11D3-BF4B-00C04F79EFBC}") = "Test01", "Test01\Test01\Test01.csproj", "{6EF7678A-A725-F430-3097-30F090C0100A}"
EndProject
Project("{FAE04EC0-301F-11D3-BF4B-00C04F79EFBC}") = "Test02", "Test01\Test02\Test02.csproj", "{010D0C11-D6A2-3CA6-3281-4E0FD547EC2D}"
EndProject
Project("{2150E333-8FDC-42A3-9474-1A3956D46DE8}") = "Chapter09", "Chapter09", "{823B29CE-00E6-4137-945C-430EF3DD0411}"
EndProject
Project("{FAE04EC0-301F-11D3-BF4B-00C04F79EFBC}") = "Section01", "Chapter09\Section01\Section01.csproj", "{DB997FC9-0992-4C83-89B8-53ADEA590B2B}"
EndProject
Project("{2150E333-8FDC-42A3-9474-1A3956D46DE8}") = "演習問題", "演習問題", "{CD6216BE-30EB-4268-940F-9F5B01475F9E}"
EndProject
Project("{FAE04EC0-301F-11D3-BF4B-00C04F79EFBC}") = "Exercise01", "Chapter09\演習問題\Exercise01\Exercise01.csproj", "{33CA47EC-1A76-466B-BAC9-926AD228480A}"
EndProject
Project("{FAE04EC0-301F-11D3-BF4B-00C04F79EFBC}") = "Exercise02", "Chapter09\演習問題\Exercise02\Exercise02.csproj", "{477D4AC0-D1E4-41ED-BB4B-1BF8E20C9070}"
EndProject
Project("{FAE04EC0-301F-11D3-BF4B-00C04F79EFBC}") = "Exercise03", "Chapter09\演習問題\Exercise03\Exercise03.csproj", "{BB7E71A1-14CC-41F4-93D9-FCD05B175B70}"
EndProject
Project("{2150E333-8FDC-42A3-9474-1A3956D46DE8}") = "Test01_1", "Test01_1", "{AE45F47D-DBE1-4642-A56C-9ABCE2E12CB6}"
EndProject
Project("{FAE04EC0-301F-11D3-BF4B-00C04F79EFBC}") = "Test02_1", "Test01_1\Test02_1\Test02_1.csproj", "{CC0EB3B8-4D73-48BB-A2B6-0357E350615F}"
EndProject
Project("{FAE04EC0-301F-11D3-BF4B-00C04F79EFBC}") = "CaReportSystem", "FormApps\CaReportSystem\CaReportSystem.csproj", "{8C88B160-CC90-4BF7-924A-A1D8A7A52E33}"
EndProject
Project("{2150E333-8FDC-42A3-9474-1A3956D46DE8}") = "Chapter12", "Chapter12", "{6734109E-728B-4A08-BCF8-720508D844EB}"
EndProject
Project("{2150E333-8FDC-42A3-9474-1A3956D46DE8}") = "演習問題", "演習問題", "{FBC0613D-932B-4079-8D53-135209D768AF}"
EndProject
Project("{FAE04EC0-301F-11D3-BF4B-00C04F79EFBC}") = "Section01", "Chapter12\Section01\Section01.csproj", "{57479423-71AA-416C-AD5C-ACAB72834DD0}"
EndProject
Project("{FAE04EC0-301F-11D3-BF4B-00C04F79EFBC}") = "Exercise01", "Chapter12\演習問題\Exercise01\Exercise01.csproj", "{21E8AE5B-E4B1-4533-BFE4-62D6FC3CF326}"
EndProject
Project("{FAE04EC0-301F-11D3-BF4B-00C04F79EFBC}") = "Exercise02", "Chapter12\演習問題\Exercise02\Exercise02\Exercise02.csproj", "{94EAAABE-5F3E-45D4-8BE1-AB217F623039}"
EndProject
Project("{FAE04EC0-301F-11D3-BF4B-00C04F79EFBC}") = "Exercise03", "Chapter12\演習問題\Exercise03\Exercise03\Exercise03.csproj", "{A3A37058-5CF3-4369-80FD-5714F28222FB}"
EndProject
Project("{FAE04EC0-301F-11D3-BF4B-00C04F79EFBC}") = "RssReader", "FormApps\RssReader\RssReader.csproj", "{04CB81BF-3306-42EE-B567-5A68A4ED786F}"
EndProject
Project("{2150E333-8FDC-42A3-9474-1A3956D46DE8}") = "Chapter11", "Chapter11", "{9FBF9CF3-1A79-42E0-8B19-806A5A7C51C9}"
EndProject
Project("{FAE04EC0-301F-11D3-BF4B-00C04F79EFBC}") = "Section02", "Chapter11\Section02\Section02.csproj", "{E9A17AA2-A822-DBAD-5B94-1AAA6BD0E0AF}"
EndProject
Project("{2150E333-8FDC-42A3-9474-1A3956D46DE8}") = "演習問題", "演習問題", "{8FE08031-0F71-42DC-BC42-D6DD8732B35B}"
EndProject
Project("{FAE04EC0-301F-11D3-BF4B-00C04F79EFBC}") = "Exercise01", "Chapter11\演習問題\Exercise01\Exercise01.csproj", "{B3F3FE81-4330-0B4C-2412-6F395A20D39D}"
EndProject
Project("{FAE04EC0-301F-11D3-BF4B-00C04F79EFBC}") = "Section04", "Chapter11\Section04\Section04.csproj", "{41F54BB5-B932-4793-9E56-A7A54AEC573C}"
EndProject
Project("{FAE04EC0-301F-11D3-BF4B-00C04F79EFBC}") = "Exercise04", "Chapter11\演習問題\Exercise04\Exercise04.csproj", "{18C67137-6904-4F92-A0FE-8A06DA467A9A}"
EndProject
Project("{FAE04EC0-301F-11D3-BF4B-00C04F79EFBC}") = "Exercise05", "Chapter11\演習問題\Exercise05\Exercise05.csproj", "{8ECA9E03-F3BE-495A-BFBB-E4F34B28E4C4}"
EndProject
Project("{2150E333-8FDC-42A3-9474-1A3956D46DE8}") = "WPF", "WPF", "{396668C7-2D32-4C32-A2C8-D35320B999F7}"
EndProject
Project("{FAE04EC0-301F-11D3-BF4B-00C04F79EFBC}") = "SampleApplication", "WPF\SampleApplication\SampleApplication.csproj", "{CEF6E3A4-7D5B-4CAC-ACE7-55D573783E65}"
EndProject
Project("{FAE04EC0-301F-11D3-BF4B-00C04F79EFBC}") = "SampleSlider", "WPF\SampleSlider\SampleSlider.csproj", "{7749C0DA-D750-4B2A-9EE8-085162C09B25}"
EndProject
Project("{FAE04EC0-301F-11D3-BF4B-00C04F79EFBC}") = "ColorChecker", "WPF\ColorChecker\ColorChecker.csproj", "{DD2213B9-1C4E-464A-A248-E462E86BD0A4}"
EndProject
Project("{FAE04EC0-301F-11D3-BF4B-00C04F79EFBC}") = "ConverterApp", "WPF\ConverterApp\ConverterApp.csproj", "{E9389E4B-3E28-4755-ACE9-1F8403AE51FA}"
EndProject
Project("{FAE04EC0-301F-11D3-BF4B-00C04F79EFBC}") = "HelloWorld", "WPF\HelloWorld\HelloWorld.csproj", "{DB2AB702-4D10-4F2F-80D3-4DC230BDF1DD}"
EndProject
Project("{FAE04EC0-301F-11D3-BF4B-00C04F79EFBC}") = "PrismObservesSample", "WPF\PrismObservesSample\PrismObservesSample.csproj", "{64EC5F29-209B-4413-A19B-494F8F8D6D24}"
EndProject
Project("{FAE04EC0-301F-11D3-BF4B-00C04F79EFBC}") = "SampleUnitConverter", "WPF\SampleUnitConverter\SampleUnitConverter.csproj", "{0D2A7E9C-67A4-4586-9D4A-4A8D7F99A13B}"
EndProject
Project("{2150E333-8FDC-42A3-9474-1A3956D46DE8}") = "SQLite", "SQLite", "{F7090407-7DE6-4D92-8F76-6C0092F02B13}"
EndProject
Project("{FAE04EC0-301F-11D3-BF4B-00C04F79EFBC}") = "Sample", "SQLite\Sample\Sample.csproj", "{570057BF-576B-44EC-99B2-616FD2233160}"
EndProject
Project("{FAE04EC0-301F-11D3-BF4B-00C04F79EFBC}") = "CustomerApp", "SQLite\CustomerApp\CustomerApp.csproj", "{482131E8-7C07-4A06-89D6-8321C6674B82}"
EndProject
Project("{2150E333-8FDC-42A3-9474-1A3956D46DE8}") = "Chapter13", "Chapter13", "{09C8A36F-40AF-4742-8145-18F09AD7014B}"
EndProject
Project("{FAE04EC0-301F-11D3-BF4B-00C04F79EFBC}") = "Section01", "Chapter13\Section01\Section01.csproj", "{1D1568A9-C260-4901-B58E-773543886DBC}"
EndProject
Project("{2150E333-8FDC-42A3-9474-1A3956D46DE8}") = "演習問題", "演習問題", "{A73306FE-1F25-4DDC-BD94-09A975098724}"
EndProject
Project("{FAE04EC0-301F-11D3-BF4B-00C04F79EFBC}") = "Exercise01", "Chapter13\演習問題\Exercise01\Exercise01.csproj", "{647EC580-22F2-4454-8E52-632D5D6165BD}"
EndProject
Project("{2150E333-8FDC-42A3-9474-1A3956D46DE8}") = "Chapter14", "Chapter14", "{3B4DA025-5744-4591-80B7-405BD02FE471}"
EndProject
Project("{FAE04EC0-301F-11D3-BF4B-00C04F79EFBC}") = "Section03", "Chapter14\Section03\Section03.csproj", "{96AE49BB-C20B-4ED2-9CBB-D99136F8FA6B}"
EndProject
Project("{2150E333-8FDC-42A3-9474-1A3956D46DE8}") = "演習問題", "演習問題", "{A3FBBBEF-ADB4-4D21-8500-A3F6241BEB0B}"
EndProject
Project("{FAE04EC0-301F-11D3-BF4B-00C04F79EFBC}") = "Exercise01", "Chapter14\演習問題\Exercise01\Exercise01.csproj", "{21C13B36-183B-4932-91EA-2DE5A0D2DC12}"
EndProject
Project("{FAE04EC0-301F-11D3-BF4B-00C04F79EFBC}") = "Exercise01（WPF）", "Chapter14\演習問題\Exercise01（WPF）\Exercise01（WPF）.csproj", "{E75AD5FF-9B46-459E-B225-4F5C84561E92}"
EndProject
Project("{FAE04EC0-301F-11D3-BF4B-00C04F79EFBC}") = "Section04", "Chapter14\Section04\Section04.csproj", "{91DB66F3-4E1F-47D4-8FB1-F2BE496C13D9}"
EndProject
Project("{FAE04EC0-301F-11D3-BF4B-00C04F79EFBC}") = "WebBrowser", "Chapter14\WebBrowser\WebBrowser.csproj", "{2D601250-D3AC-4313-AAB1-7720B37D8E00}"
EndProject
Project("{FAE04EC0-301F-11D3-BF4B-00C04F79EFBC}") = "Section05", "Chapter14\Section05\Section05.csproj", "{6FACA053-2C29-4A4A-94A7-8C471E39B55F}"
EndProject
Project("{2150E333-8FDC-42A3-9474-1A3956D46DE8}") = "Chapter10", "Chapter10", "{7E6EA997-5D4D-4F9C-9598-12303747E091}"
EndProject
Project("{2150E333-8FDC-42A3-9474-1A3956D46DE8}") = "演習問題", "演習問題", "{8A8C4E39-401B-4460-A02B-603506BF86CD}"
EndProject
Project("{FAE04EC0-301F-11D3-BF4B-00C04F79EFBC}") = "Exercise01", "Chapter10\演習問題\Exercise01\Exercise01.csproj", "{09477CB3-F360-45D4-946D-5BD00F4EEC06}"
EndProject
Project("{2150E333-8FDC-42A3-9474-1A3956D46DE8}") = "Chapter15", "Chapter15", "{6AF93269-D54D-413C-B68E-DE538C4D6655}"
EndProject
Project("{FAE04EC0-301F-11D3-BF4B-00C04F79EFBC}") = "Section01", "Chapter15\Section01\Section01.csproj", "{15DD385A-8452-42D0-8E97-02B7E64A2418}"
EndProject
Project("{2150E333-8FDC-42A3-9474-1A3956D46DE8}") = "TemplateMethod", "TemplateMethod", "{ECBEF488-E5E2-4E62-8F59-E59BC654FD40}"
EndProject
Project("{FAE04EC0-301F-11D3-BF4B-00C04F79EFBC}") = "TextFileProcessor", "Chapter15\TemplateMethod\TextFileProcessor\TextFileProcessor.csproj", "{0549EDEF-94C9-42A9-A70D-DFBB93E51D13}"
EndProject
Project("{FAE04EC0-301F-11D3-BF4B-00C04F79EFBC}") = "LineCounter", "Chapter15\TemplateMethod\LineCounter\LineCounter.csproj", "{932357A6-E1C8-4D1D-B0BB-A0DEF47B3A76}"
EndProject
Project("{2150E333-8FDC-42A3-9474-1A3956D46DE8}") = "Strategy", "Strategy", "{161E041F-1869-400B-B441-00A2AE9902A2}"
EndProject
Project("{FAE04EC0-301F-11D3-BF4B-00C04F79EFBC}") = "DistanceConverter", "Chapter15\Strategy\DistanceConverter\DistanceConverter.csproj", "{5EDA3AC1-77D5-4330-BE26-D34E35AF87F6}"
EndProject
Project("{FAE04EC0-301F-11D3-BF4B-00C04F79EFBC}") = "TextFileProcessorDI", "Chapter15\TemplateMethod\TextFileProcessorDI\TextFileProcessorDI.csproj", "{2AD7F7F4-88DA-4960-89E0-401BC7B230D6}"
EndProject
Project("{2150E333-8FDC-42A3-9474-1A3956D46DE8}") = "WebAPI", "WebAPI", "{BB522FDE-42EB-4B59-AFAA-3CBA4D886376}"
EndProject
Project("{FAE04EC0-301F-11D3-BF4B-00C04F79EFBC}") = "WeatherApp", "WebAPI\WeatherApp\WeatherApp.csproj", "{E6342188-981D-4AEF-9B65-20F254E5E44D}"
EndProject
Project("{FAE04EC0-301F-11D3-BF4B-00C04F79EFBC}") = "TenkiApp", "WPF\TenkiApp\TenkiApp.csproj", "{39AAEBC9-6B7E-45DF-A5F0-F763D43264D0}"
EndProject
Global
	GlobalSection(SolutionConfigurationPlatforms) = preSolution
		Debug|Any CPU = Debug|Any CPU
		Release|Any CPU = Release|Any CPU
	EndGlobalSection
	GlobalSection(ProjectConfigurationPlatforms) = postSolution
		{1F488F18-717E-45EE-BE0E-AD0EF07CD95E}.Debug|Any CPU.ActiveCfg = Debug|Any CPU
		{1F488F18-717E-45EE-BE0E-AD0EF07CD95E}.Debug|Any CPU.Build.0 = Debug|Any CPU
		{1F488F18-717E-45EE-BE0E-AD0EF07CD95E}.Release|Any CPU.ActiveCfg = Release|Any CPU
		{1F488F18-717E-45EE-BE0E-AD0EF07CD95E}.Release|Any CPU.Build.0 = Release|Any CPU
		{A131D303-ED37-402C-A4D4-F7EA54913FCB}.Debug|Any CPU.ActiveCfg = Debug|Any CPU
		{A131D303-ED37-402C-A4D4-F7EA54913FCB}.Debug|Any CPU.Build.0 = Debug|Any CPU
		{A131D303-ED37-402C-A4D4-F7EA54913FCB}.Release|Any CPU.ActiveCfg = Release|Any CPU
		{A131D303-ED37-402C-A4D4-F7EA54913FCB}.Release|Any CPU.Build.0 = Release|Any CPU
		{07A22928-2E5D-421E-8B59-6F80A9D3BCDD}.Debug|Any CPU.ActiveCfg = Debug|Any CPU
		{07A22928-2E5D-421E-8B59-6F80A9D3BCDD}.Debug|Any CPU.Build.0 = Debug|Any CPU
		{07A22928-2E5D-421E-8B59-6F80A9D3BCDD}.Release|Any CPU.ActiveCfg = Release|Any CPU
		{07A22928-2E5D-421E-8B59-6F80A9D3BCDD}.Release|Any CPU.Build.0 = Release|Any CPU
		{89486367-376A-4659-A4E6-39AC131A9705}.Debug|Any CPU.ActiveCfg = Debug|Any CPU
		{89486367-376A-4659-A4E6-39AC131A9705}.Debug|Any CPU.Build.0 = Debug|Any CPU
		{89486367-376A-4659-A4E6-39AC131A9705}.Release|Any CPU.ActiveCfg = Release|Any CPU
		{89486367-376A-4659-A4E6-39AC131A9705}.Release|Any CPU.Build.0 = Release|Any CPU
		{E22A0E9D-14B4-4C92-BEE7-F68F7BF609F6}.Debug|Any CPU.ActiveCfg = Debug|Any CPU
		{E22A0E9D-14B4-4C92-BEE7-F68F7BF609F6}.Debug|Any CPU.Build.0 = Debug|Any CPU
		{E22A0E9D-14B4-4C92-BEE7-F68F7BF609F6}.Release|Any CPU.ActiveCfg = Release|Any CPU
		{E22A0E9D-14B4-4C92-BEE7-F68F7BF609F6}.Release|Any CPU.Build.0 = Release|Any CPU
		{1FDC09C3-8542-4B51-84AA-05700A57724C}.Debug|Any CPU.ActiveCfg = Debug|Any CPU
		{1FDC09C3-8542-4B51-84AA-05700A57724C}.Debug|Any CPU.Build.0 = Debug|Any CPU
		{1FDC09C3-8542-4B51-84AA-05700A57724C}.Release|Any CPU.ActiveCfg = Release|Any CPU
		{1FDC09C3-8542-4B51-84AA-05700A57724C}.Release|Any CPU.Build.0 = Release|Any CPU
		{384FAF94-6297-41A6-B0A8-2035AF83A602}.Debug|Any CPU.ActiveCfg = Debug|Any CPU
		{384FAF94-6297-41A6-B0A8-2035AF83A602}.Debug|Any CPU.Build.0 = Debug|Any CPU
		{384FAF94-6297-41A6-B0A8-2035AF83A602}.Release|Any CPU.ActiveCfg = Release|Any CPU
		{384FAF94-6297-41A6-B0A8-2035AF83A602}.Release|Any CPU.Build.0 = Release|Any CPU
		{67F6A97A-D35F-4FFB-A8FB-A8BDC7A4F96B}.Debug|Any CPU.ActiveCfg = Debug|Any CPU
		{67F6A97A-D35F-4FFB-A8FB-A8BDC7A4F96B}.Debug|Any CPU.Build.0 = Debug|Any CPU
		{67F6A97A-D35F-4FFB-A8FB-A8BDC7A4F96B}.Release|Any CPU.ActiveCfg = Release|Any CPU
		{67F6A97A-D35F-4FFB-A8FB-A8BDC7A4F96B}.Release|Any CPU.Build.0 = Release|Any CPU
		{F9BA6018-63E6-43C6-B2F8-2C63AFF8F727}.Debug|Any CPU.ActiveCfg = Debug|Any CPU
		{F9BA6018-63E6-43C6-B2F8-2C63AFF8F727}.Debug|Any CPU.Build.0 = Debug|Any CPU
		{F9BA6018-63E6-43C6-B2F8-2C63AFF8F727}.Release|Any CPU.ActiveCfg = Release|Any CPU
		{F9BA6018-63E6-43C6-B2F8-2C63AFF8F727}.Release|Any CPU.Build.0 = Release|Any CPU
		{375C6FC5-91E3-461A-8CDB-EE432A7F0F28}.Debug|Any CPU.ActiveCfg = Debug|Any CPU
		{375C6FC5-91E3-461A-8CDB-EE432A7F0F28}.Debug|Any CPU.Build.0 = Debug|Any CPU
		{375C6FC5-91E3-461A-8CDB-EE432A7F0F28}.Release|Any CPU.ActiveCfg = Release|Any CPU
		{375C6FC5-91E3-461A-8CDB-EE432A7F0F28}.Release|Any CPU.Build.0 = Release|Any CPU
		{4EA682F1-DA2F-49CE-A60C-B75642468CD9}.Debug|Any CPU.ActiveCfg = Debug|Any CPU
		{4EA682F1-DA2F-49CE-A60C-B75642468CD9}.Debug|Any CPU.Build.0 = Debug|Any CPU
		{4EA682F1-DA2F-49CE-A60C-B75642468CD9}.Release|Any CPU.ActiveCfg = Release|Any CPU
		{4EA682F1-DA2F-49CE-A60C-B75642468CD9}.Release|Any CPU.Build.0 = Release|Any CPU
		{3CD96A1F-50EC-4F58-8B96-FCAD33657738}.Debug|Any CPU.ActiveCfg = Debug|Any CPU
		{3CD96A1F-50EC-4F58-8B96-FCAD33657738}.Debug|Any CPU.Build.0 = Debug|Any CPU
		{3CD96A1F-50EC-4F58-8B96-FCAD33657738}.Release|Any CPU.ActiveCfg = Release|Any CPU
		{3CD96A1F-50EC-4F58-8B96-FCAD33657738}.Release|Any CPU.Build.0 = Release|Any CPU
		{A9E132A5-8540-48EF-976E-836CEF02D4C0}.Debug|Any CPU.ActiveCfg = Debug|Any CPU
		{A9E132A5-8540-48EF-976E-836CEF02D4C0}.Debug|Any CPU.Build.0 = Debug|Any CPU
		{A9E132A5-8540-48EF-976E-836CEF02D4C0}.Release|Any CPU.ActiveCfg = Release|Any CPU
		{A9E132A5-8540-48EF-976E-836CEF02D4C0}.Release|Any CPU.Build.0 = Release|Any CPU
		{CA9360D3-08EB-428D-9695-F80B79B63F1D}.Debug|Any CPU.ActiveCfg = Debug|Any CPU
		{CA9360D3-08EB-428D-9695-F80B79B63F1D}.Debug|Any CPU.Build.0 = Debug|Any CPU
		{CA9360D3-08EB-428D-9695-F80B79B63F1D}.Release|Any CPU.ActiveCfg = Release|Any CPU
		{CA9360D3-08EB-428D-9695-F80B79B63F1D}.Release|Any CPU.Build.0 = Release|Any CPU
		{D0FB9E2B-4E93-412D-8305-D2C0D0977C7F}.Debug|Any CPU.ActiveCfg = Debug|Any CPU
		{D0FB9E2B-4E93-412D-8305-D2C0D0977C7F}.Debug|Any CPU.Build.0 = Debug|Any CPU
		{D0FB9E2B-4E93-412D-8305-D2C0D0977C7F}.Release|Any CPU.ActiveCfg = Release|Any CPU
		{D0FB9E2B-4E93-412D-8305-D2C0D0977C7F}.Release|Any CPU.Build.0 = Release|Any CPU
		{BCB182B6-05B4-4A80-A350-83B620D4D42B}.Debug|Any CPU.ActiveCfg = Debug|Any CPU
		{BCB182B6-05B4-4A80-A350-83B620D4D42B}.Debug|Any CPU.Build.0 = Debug|Any CPU
		{BCB182B6-05B4-4A80-A350-83B620D4D42B}.Release|Any CPU.ActiveCfg = Release|Any CPU
		{BCB182B6-05B4-4A80-A350-83B620D4D42B}.Release|Any CPU.Build.0 = Release|Any CPU
		{59BCE11F-DAD1-4424-9163-3544C4B06F20}.Debug|Any CPU.ActiveCfg = Debug|Any CPU
		{59BCE11F-DAD1-4424-9163-3544C4B06F20}.Debug|Any CPU.Build.0 = Debug|Any CPU
		{59BCE11F-DAD1-4424-9163-3544C4B06F20}.Release|Any CPU.ActiveCfg = Release|Any CPU
		{59BCE11F-DAD1-4424-9163-3544C4B06F20}.Release|Any CPU.Build.0 = Release|Any CPU
		{ECE800C6-48AB-489C-9E89-DCD2A5EE348B}.Debug|Any CPU.ActiveCfg = Debug|Any CPU
		{ECE800C6-48AB-489C-9E89-DCD2A5EE348B}.Debug|Any CPU.Build.0 = Debug|Any CPU
		{ECE800C6-48AB-489C-9E89-DCD2A5EE348B}.Release|Any CPU.ActiveCfg = Release|Any CPU
		{ECE800C6-48AB-489C-9E89-DCD2A5EE348B}.Release|Any CPU.Build.0 = Release|Any CPU
		{C64A4A8F-210A-4583-86F2-980A168F1957}.Debug|Any CPU.ActiveCfg = Debug|Any CPU
		{C64A4A8F-210A-4583-86F2-980A168F1957}.Debug|Any CPU.Build.0 = Debug|Any CPU
		{C64A4A8F-210A-4583-86F2-980A168F1957}.Release|Any CPU.ActiveCfg = Release|Any CPU
		{C64A4A8F-210A-4583-86F2-980A168F1957}.Release|Any CPU.Build.0 = Release|Any CPU
		{78B1321A-E70D-422B-804C-9A435E2492A0}.Debug|Any CPU.ActiveCfg = Debug|Any CPU
		{78B1321A-E70D-422B-804C-9A435E2492A0}.Debug|Any CPU.Build.0 = Debug|Any CPU
		{78B1321A-E70D-422B-804C-9A435E2492A0}.Release|Any CPU.ActiveCfg = Release|Any CPU
		{78B1321A-E70D-422B-804C-9A435E2492A0}.Release|Any CPU.Build.0 = Release|Any CPU
		{78BD859B-06B0-4CD5-A75A-FCDBCE023A17}.Debug|Any CPU.ActiveCfg = Debug|Any CPU
		{78BD859B-06B0-4CD5-A75A-FCDBCE023A17}.Debug|Any CPU.Build.0 = Debug|Any CPU
		{78BD859B-06B0-4CD5-A75A-FCDBCE023A17}.Release|Any CPU.ActiveCfg = Release|Any CPU
		{78BD859B-06B0-4CD5-A75A-FCDBCE023A17}.Release|Any CPU.Build.0 = Release|Any CPU
		{0AC67E3B-4613-448D-987F-EBEACED04C6B}.Debug|Any CPU.ActiveCfg = Debug|Any CPU
		{0AC67E3B-4613-448D-987F-EBEACED04C6B}.Debug|Any CPU.Build.0 = Debug|Any CPU
		{0AC67E3B-4613-448D-987F-EBEACED04C6B}.Release|Any CPU.ActiveCfg = Release|Any CPU
		{0AC67E3B-4613-448D-987F-EBEACED04C6B}.Release|Any CPU.Build.0 = Release|Any CPU
		{FD40D563-3F2D-44E5-B965-BB6A7D101A1F}.Debug|Any CPU.ActiveCfg = Debug|Any CPU
		{FD40D563-3F2D-44E5-B965-BB6A7D101A1F}.Debug|Any CPU.Build.0 = Debug|Any CPU
		{FD40D563-3F2D-44E5-B965-BB6A7D101A1F}.Release|Any CPU.ActiveCfg = Release|Any CPU
		{FD40D563-3F2D-44E5-B965-BB6A7D101A1F}.Release|Any CPU.Build.0 = Release|Any CPU
		{DCC6F1F1-1A5B-4767-AFCA-2234ADA5DBA1}.Debug|Any CPU.ActiveCfg = Debug|Any CPU
		{DCC6F1F1-1A5B-4767-AFCA-2234ADA5DBA1}.Debug|Any CPU.Build.0 = Debug|Any CPU
		{DCC6F1F1-1A5B-4767-AFCA-2234ADA5DBA1}.Release|Any CPU.ActiveCfg = Release|Any CPU
		{DCC6F1F1-1A5B-4767-AFCA-2234ADA5DBA1}.Release|Any CPU.Build.0 = Release|Any CPU
		{D207CC77-AF7B-4E74-BA21-C1211D8E706D}.Debug|Any CPU.ActiveCfg = Debug|Any CPU
		{D207CC77-AF7B-4E74-BA21-C1211D8E706D}.Debug|Any CPU.Build.0 = Debug|Any CPU
		{D207CC77-AF7B-4E74-BA21-C1211D8E706D}.Release|Any CPU.ActiveCfg = Release|Any CPU
		{D207CC77-AF7B-4E74-BA21-C1211D8E706D}.Release|Any CPU.Build.0 = Release|Any CPU
		{5FBC3BD9-7B7F-4EC4-A6FF-FAE3AB250DB0}.Debug|Any CPU.ActiveCfg = Debug|Any CPU
		{5FBC3BD9-7B7F-4EC4-A6FF-FAE3AB250DB0}.Debug|Any CPU.Build.0 = Debug|Any CPU
		{5FBC3BD9-7B7F-4EC4-A6FF-FAE3AB250DB0}.Release|Any CPU.ActiveCfg = Release|Any CPU
		{5FBC3BD9-7B7F-4EC4-A6FF-FAE3AB250DB0}.Release|Any CPU.Build.0 = Release|Any CPU
		{92A9FBFE-CAE9-4B73-A01B-888F490FE0E4}.Debug|Any CPU.ActiveCfg = Debug|Any CPU
		{92A9FBFE-CAE9-4B73-A01B-888F490FE0E4}.Debug|Any CPU.Build.0 = Debug|Any CPU
		{92A9FBFE-CAE9-4B73-A01B-888F490FE0E4}.Release|Any CPU.ActiveCfg = Release|Any CPU
		{92A9FBFE-CAE9-4B73-A01B-888F490FE0E4}.Release|Any CPU.Build.0 = Release|Any CPU
		{85DCFBC7-6EDD-4FDB-AD5A-2A6C2605B878}.Debug|Any CPU.ActiveCfg = Debug|Any CPU
		{85DCFBC7-6EDD-4FDB-AD5A-2A6C2605B878}.Debug|Any CPU.Build.0 = Debug|Any CPU
		{85DCFBC7-6EDD-4FDB-AD5A-2A6C2605B878}.Release|Any CPU.ActiveCfg = Release|Any CPU
		{85DCFBC7-6EDD-4FDB-AD5A-2A6C2605B878}.Release|Any CPU.Build.0 = Release|Any CPU
		{1A797DA8-258A-4917-B64F-966B8830ECDF}.Debug|Any CPU.ActiveCfg = Debug|Any CPU
		{1A797DA8-258A-4917-B64F-966B8830ECDF}.Debug|Any CPU.Build.0 = Debug|Any CPU
		{1A797DA8-258A-4917-B64F-966B8830ECDF}.Release|Any CPU.ActiveCfg = Release|Any CPU
		{1A797DA8-258A-4917-B64F-966B8830ECDF}.Release|Any CPU.Build.0 = Release|Any CPU
		{729033D9-E2DE-434B-986E-2D57BE5F64BD}.Debug|Any CPU.ActiveCfg = Debug|Any CPU
		{729033D9-E2DE-434B-986E-2D57BE5F64BD}.Debug|Any CPU.Build.0 = Debug|Any CPU
		{729033D9-E2DE-434B-986E-2D57BE5F64BD}.Release|Any CPU.ActiveCfg = Release|Any CPU
		{729033D9-E2DE-434B-986E-2D57BE5F64BD}.Release|Any CPU.Build.0 = Release|Any CPU
		{1D381EBE-8C2F-4691-929B-A65BBA629257}.Debug|Any CPU.ActiveCfg = Debug|Any CPU
		{1D381EBE-8C2F-4691-929B-A65BBA629257}.Debug|Any CPU.Build.0 = Debug|Any CPU
		{1D381EBE-8C2F-4691-929B-A65BBA629257}.Release|Any CPU.ActiveCfg = Release|Any CPU
		{1D381EBE-8C2F-4691-929B-A65BBA629257}.Release|Any CPU.Build.0 = Release|Any CPU
		{6EF7678A-A725-F430-3097-30F090C0100A}.Debug|Any CPU.ActiveCfg = Debug|Any CPU
		{6EF7678A-A725-F430-3097-30F090C0100A}.Debug|Any CPU.Build.0 = Debug|Any CPU
		{6EF7678A-A725-F430-3097-30F090C0100A}.Release|Any CPU.ActiveCfg = Release|Any CPU
		{6EF7678A-A725-F430-3097-30F090C0100A}.Release|Any CPU.Build.0 = Release|Any CPU
		{010D0C11-D6A2-3CA6-3281-4E0FD547EC2D}.Debug|Any CPU.ActiveCfg = Debug|Any CPU
		{010D0C11-D6A2-3CA6-3281-4E0FD547EC2D}.Debug|Any CPU.Build.0 = Debug|Any CPU
		{010D0C11-D6A2-3CA6-3281-4E0FD547EC2D}.Release|Any CPU.ActiveCfg = Release|Any CPU
		{010D0C11-D6A2-3CA6-3281-4E0FD547EC2D}.Release|Any CPU.Build.0 = Release|Any CPU
		{DB997FC9-0992-4C83-89B8-53ADEA590B2B}.Debug|Any CPU.ActiveCfg = Debug|Any CPU
		{DB997FC9-0992-4C83-89B8-53ADEA590B2B}.Debug|Any CPU.Build.0 = Debug|Any CPU
		{DB997FC9-0992-4C83-89B8-53ADEA590B2B}.Release|Any CPU.ActiveCfg = Release|Any CPU
		{DB997FC9-0992-4C83-89B8-53ADEA590B2B}.Release|Any CPU.Build.0 = Release|Any CPU
		{33CA47EC-1A76-466B-BAC9-926AD228480A}.Debug|Any CPU.ActiveCfg = Debug|Any CPU
		{33CA47EC-1A76-466B-BAC9-926AD228480A}.Debug|Any CPU.Build.0 = Debug|Any CPU
		{33CA47EC-1A76-466B-BAC9-926AD228480A}.Release|Any CPU.ActiveCfg = Release|Any CPU
		{33CA47EC-1A76-466B-BAC9-926AD228480A}.Release|Any CPU.Build.0 = Release|Any CPU
		{477D4AC0-D1E4-41ED-BB4B-1BF8E20C9070}.Debug|Any CPU.ActiveCfg = Debug|Any CPU
		{477D4AC0-D1E4-41ED-BB4B-1BF8E20C9070}.Debug|Any CPU.Build.0 = Debug|Any CPU
		{477D4AC0-D1E4-41ED-BB4B-1BF8E20C9070}.Release|Any CPU.ActiveCfg = Release|Any CPU
		{477D4AC0-D1E4-41ED-BB4B-1BF8E20C9070}.Release|Any CPU.Build.0 = Release|Any CPU
		{BB7E71A1-14CC-41F4-93D9-FCD05B175B70}.Debug|Any CPU.ActiveCfg = Debug|Any CPU
		{BB7E71A1-14CC-41F4-93D9-FCD05B175B70}.Debug|Any CPU.Build.0 = Debug|Any CPU
		{BB7E71A1-14CC-41F4-93D9-FCD05B175B70}.Release|Any CPU.ActiveCfg = Release|Any CPU
		{BB7E71A1-14CC-41F4-93D9-FCD05B175B70}.Release|Any CPU.Build.0 = Release|Any CPU
		{CC0EB3B8-4D73-48BB-A2B6-0357E350615F}.Debug|Any CPU.ActiveCfg = Debug|Any CPU
		{CC0EB3B8-4D73-48BB-A2B6-0357E350615F}.Debug|Any CPU.Build.0 = Debug|Any CPU
		{CC0EB3B8-4D73-48BB-A2B6-0357E350615F}.Release|Any CPU.ActiveCfg = Release|Any CPU
		{CC0EB3B8-4D73-48BB-A2B6-0357E350615F}.Release|Any CPU.Build.0 = Release|Any CPU
		{8C88B160-CC90-4BF7-924A-A1D8A7A52E33}.Debug|Any CPU.ActiveCfg = Debug|Any CPU
		{8C88B160-CC90-4BF7-924A-A1D8A7A52E33}.Debug|Any CPU.Build.0 = Debug|Any CPU
		{8C88B160-CC90-4BF7-924A-A1D8A7A52E33}.Release|Any CPU.ActiveCfg = Release|Any CPU
		{8C88B160-CC90-4BF7-924A-A1D8A7A52E33}.Release|Any CPU.Build.0 = Release|Any CPU
		{57479423-71AA-416C-AD5C-ACAB72834DD0}.Debug|Any CPU.ActiveCfg = Debug|Any CPU
		{57479423-71AA-416C-AD5C-ACAB72834DD0}.Debug|Any CPU.Build.0 = Debug|Any CPU
		{57479423-71AA-416C-AD5C-ACAB72834DD0}.Release|Any CPU.ActiveCfg = Release|Any CPU
		{57479423-71AA-416C-AD5C-ACAB72834DD0}.Release|Any CPU.Build.0 = Release|Any CPU
		{21E8AE5B-E4B1-4533-BFE4-62D6FC3CF326}.Debug|Any CPU.ActiveCfg = Debug|Any CPU
		{21E8AE5B-E4B1-4533-BFE4-62D6FC3CF326}.Debug|Any CPU.Build.0 = Debug|Any CPU
		{21E8AE5B-E4B1-4533-BFE4-62D6FC3CF326}.Release|Any CPU.ActiveCfg = Release|Any CPU
		{21E8AE5B-E4B1-4533-BFE4-62D6FC3CF326}.Release|Any CPU.Build.0 = Release|Any CPU
		{94EAAABE-5F3E-45D4-8BE1-AB217F623039}.Debug|Any CPU.ActiveCfg = Debug|Any CPU
		{94EAAABE-5F3E-45D4-8BE1-AB217F623039}.Debug|Any CPU.Build.0 = Debug|Any CPU
		{94EAAABE-5F3E-45D4-8BE1-AB217F623039}.Release|Any CPU.ActiveCfg = Release|Any CPU
		{94EAAABE-5F3E-45D4-8BE1-AB217F623039}.Release|Any CPU.Build.0 = Release|Any CPU
		{A3A37058-5CF3-4369-80FD-5714F28222FB}.Debug|Any CPU.ActiveCfg = Debug|Any CPU
		{A3A37058-5CF3-4369-80FD-5714F28222FB}.Debug|Any CPU.Build.0 = Debug|Any CPU
		{A3A37058-5CF3-4369-80FD-5714F28222FB}.Release|Any CPU.ActiveCfg = Release|Any CPU
		{A3A37058-5CF3-4369-80FD-5714F28222FB}.Release|Any CPU.Build.0 = Release|Any CPU
		{04CB81BF-3306-42EE-B567-5A68A4ED786F}.Debug|Any CPU.ActiveCfg = Debug|Any CPU
		{04CB81BF-3306-42EE-B567-5A68A4ED786F}.Debug|Any CPU.Build.0 = Debug|Any CPU
		{04CB81BF-3306-42EE-B567-5A68A4ED786F}.Release|Any CPU.ActiveCfg = Release|Any CPU
		{04CB81BF-3306-42EE-B567-5A68A4ED786F}.Release|Any CPU.Build.0 = Release|Any CPU
		{E9A17AA2-A822-DBAD-5B94-1AAA6BD0E0AF}.Debug|Any CPU.ActiveCfg = Debug|Any CPU
		{E9A17AA2-A822-DBAD-5B94-1AAA6BD0E0AF}.Debug|Any CPU.Build.0 = Debug|Any CPU
		{E9A17AA2-A822-DBAD-5B94-1AAA6BD0E0AF}.Release|Any CPU.ActiveCfg = Release|Any CPU
		{E9A17AA2-A822-DBAD-5B94-1AAA6BD0E0AF}.Release|Any CPU.Build.0 = Release|Any CPU
		{B3F3FE81-4330-0B4C-2412-6F395A20D39D}.Debug|Any CPU.ActiveCfg = Debug|Any CPU
		{B3F3FE81-4330-0B4C-2412-6F395A20D39D}.Debug|Any CPU.Build.0 = Debug|Any CPU
		{B3F3FE81-4330-0B4C-2412-6F395A20D39D}.Release|Any CPU.ActiveCfg = Release|Any CPU
		{B3F3FE81-4330-0B4C-2412-6F395A20D39D}.Release|Any CPU.Build.0 = Release|Any CPU
		{41F54BB5-B932-4793-9E56-A7A54AEC573C}.Debug|Any CPU.ActiveCfg = Debug|Any CPU
		{41F54BB5-B932-4793-9E56-A7A54AEC573C}.Debug|Any CPU.Build.0 = Debug|Any CPU
		{41F54BB5-B932-4793-9E56-A7A54AEC573C}.Release|Any CPU.ActiveCfg = Release|Any CPU
		{41F54BB5-B932-4793-9E56-A7A54AEC573C}.Release|Any CPU.Build.0 = Release|Any CPU
		{18C67137-6904-4F92-A0FE-8A06DA467A9A}.Debug|Any CPU.ActiveCfg = Debug|Any CPU
		{18C67137-6904-4F92-A0FE-8A06DA467A9A}.Debug|Any CPU.Build.0 = Debug|Any CPU
		{18C67137-6904-4F92-A0FE-8A06DA467A9A}.Release|Any CPU.ActiveCfg = Release|Any CPU
		{18C67137-6904-4F92-A0FE-8A06DA467A9A}.Release|Any CPU.Build.0 = Release|Any CPU
		{8ECA9E03-F3BE-495A-BFBB-E4F34B28E4C4}.Debug|Any CPU.ActiveCfg = Debug|Any CPU
		{8ECA9E03-F3BE-495A-BFBB-E4F34B28E4C4}.Debug|Any CPU.Build.0 = Debug|Any CPU
		{8ECA9E03-F3BE-495A-BFBB-E4F34B28E4C4}.Release|Any CPU.ActiveCfg = Release|Any CPU
		{8ECA9E03-F3BE-495A-BFBB-E4F34B28E4C4}.Release|Any CPU.Build.0 = Release|Any CPU
		{CEF6E3A4-7D5B-4CAC-ACE7-55D573783E65}.Debug|Any CPU.ActiveCfg = Debug|Any CPU
		{CEF6E3A4-7D5B-4CAC-ACE7-55D573783E65}.Debug|Any CPU.Build.0 = Debug|Any CPU
		{CEF6E3A4-7D5B-4CAC-ACE7-55D573783E65}.Release|Any CPU.ActiveCfg = Release|Any CPU
		{CEF6E3A4-7D5B-4CAC-ACE7-55D573783E65}.Release|Any CPU.Build.0 = Release|Any CPU
		{7749C0DA-D750-4B2A-9EE8-085162C09B25}.Debug|Any CPU.ActiveCfg = Debug|Any CPU
		{7749C0DA-D750-4B2A-9EE8-085162C09B25}.Debug|Any CPU.Build.0 = Debug|Any CPU
		{7749C0DA-D750-4B2A-9EE8-085162C09B25}.Release|Any CPU.ActiveCfg = Release|Any CPU
		{7749C0DA-D750-4B2A-9EE8-085162C09B25}.Release|Any CPU.Build.0 = Release|Any CPU
		{DD2213B9-1C4E-464A-A248-E462E86BD0A4}.Debug|Any CPU.ActiveCfg = Debug|Any CPU
		{DD2213B9-1C4E-464A-A248-E462E86BD0A4}.Debug|Any CPU.Build.0 = Debug|Any CPU
		{DD2213B9-1C4E-464A-A248-E462E86BD0A4}.Release|Any CPU.ActiveCfg = Release|Any CPU
		{DD2213B9-1C4E-464A-A248-E462E86BD0A4}.Release|Any CPU.Build.0 = Release|Any CPU
		{E9389E4B-3E28-4755-ACE9-1F8403AE51FA}.Debug|Any CPU.ActiveCfg = Debug|Any CPU
		{E9389E4B-3E28-4755-ACE9-1F8403AE51FA}.Debug|Any CPU.Build.0 = Debug|Any CPU
		{E9389E4B-3E28-4755-ACE9-1F8403AE51FA}.Release|Any CPU.ActiveCfg = Release|Any CPU
		{E9389E4B-3E28-4755-ACE9-1F8403AE51FA}.Release|Any CPU.Build.0 = Release|Any CPU
		{DB2AB702-4D10-4F2F-80D3-4DC230BDF1DD}.Debug|Any CPU.ActiveCfg = Debug|Any CPU
		{DB2AB702-4D10-4F2F-80D3-4DC230BDF1DD}.Debug|Any CPU.Build.0 = Debug|Any CPU
		{DB2AB702-4D10-4F2F-80D3-4DC230BDF1DD}.Release|Any CPU.ActiveCfg = Release|Any CPU
		{DB2AB702-4D10-4F2F-80D3-4DC230BDF1DD}.Release|Any CPU.Build.0 = Release|Any CPU
		{64EC5F29-209B-4413-A19B-494F8F8D6D24}.Debug|Any CPU.ActiveCfg = Debug|Any CPU
		{64EC5F29-209B-4413-A19B-494F8F8D6D24}.Debug|Any CPU.Build.0 = Debug|Any CPU
		{64EC5F29-209B-4413-A19B-494F8F8D6D24}.Release|Any CPU.ActiveCfg = Release|Any CPU
		{64EC5F29-209B-4413-A19B-494F8F8D6D24}.Release|Any CPU.Build.0 = Release|Any CPU
		{0D2A7E9C-67A4-4586-9D4A-4A8D7F99A13B}.Debug|Any CPU.ActiveCfg = Debug|Any CPU
		{0D2A7E9C-67A4-4586-9D4A-4A8D7F99A13B}.Debug|Any CPU.Build.0 = Debug|Any CPU
		{0D2A7E9C-67A4-4586-9D4A-4A8D7F99A13B}.Release|Any CPU.ActiveCfg = Release|Any CPU
		{0D2A7E9C-67A4-4586-9D4A-4A8D7F99A13B}.Release|Any CPU.Build.0 = Release|Any CPU
		{570057BF-576B-44EC-99B2-616FD2233160}.Debug|Any CPU.ActiveCfg = Debug|Any CPU
		{570057BF-576B-44EC-99B2-616FD2233160}.Debug|Any CPU.Build.0 = Debug|Any CPU
		{570057BF-576B-44EC-99B2-616FD2233160}.Release|Any CPU.ActiveCfg = Release|Any CPU
		{570057BF-576B-44EC-99B2-616FD2233160}.Release|Any CPU.Build.0 = Release|Any CPU
		{482131E8-7C07-4A06-89D6-8321C6674B82}.Debug|Any CPU.ActiveCfg = Debug|Any CPU
		{482131E8-7C07-4A06-89D6-8321C6674B82}.Debug|Any CPU.Build.0 = Debug|Any CPU
		{482131E8-7C07-4A06-89D6-8321C6674B82}.Release|Any CPU.ActiveCfg = Release|Any CPU
		{482131E8-7C07-4A06-89D6-8321C6674B82}.Release|Any CPU.Build.0 = Release|Any CPU
		{1D1568A9-C260-4901-B58E-773543886DBC}.Debug|Any CPU.ActiveCfg = Debug|Any CPU
		{1D1568A9-C260-4901-B58E-773543886DBC}.Debug|Any CPU.Build.0 = Debug|Any CPU
		{1D1568A9-C260-4901-B58E-773543886DBC}.Release|Any CPU.ActiveCfg = Release|Any CPU
		{1D1568A9-C260-4901-B58E-773543886DBC}.Release|Any CPU.Build.0 = Release|Any CPU
		{647EC580-22F2-4454-8E52-632D5D6165BD}.Debug|Any CPU.ActiveCfg = Debug|Any CPU
		{647EC580-22F2-4454-8E52-632D5D6165BD}.Debug|Any CPU.Build.0 = Debug|Any CPU
		{647EC580-22F2-4454-8E52-632D5D6165BD}.Release|Any CPU.ActiveCfg = Release|Any CPU
		{647EC580-22F2-4454-8E52-632D5D6165BD}.Release|Any CPU.Build.0 = Release|Any CPU
		{96AE49BB-C20B-4ED2-9CBB-D99136F8FA6B}.Debug|Any CPU.ActiveCfg = Debug|Any CPU
		{96AE49BB-C20B-4ED2-9CBB-D99136F8FA6B}.Debug|Any CPU.Build.0 = Debug|Any CPU
		{96AE49BB-C20B-4ED2-9CBB-D99136F8FA6B}.Release|Any CPU.ActiveCfg = Release|Any CPU
		{96AE49BB-C20B-4ED2-9CBB-D99136F8FA6B}.Release|Any CPU.Build.0 = Release|Any CPU
		{21C13B36-183B-4932-91EA-2DE5A0D2DC12}.Debug|Any CPU.ActiveCfg = Debug|Any CPU
		{21C13B36-183B-4932-91EA-2DE5A0D2DC12}.Debug|Any CPU.Build.0 = Debug|Any CPU
		{21C13B36-183B-4932-91EA-2DE5A0D2DC12}.Release|Any CPU.ActiveCfg = Release|Any CPU
		{21C13B36-183B-4932-91EA-2DE5A0D2DC12}.Release|Any CPU.Build.0 = Release|Any CPU
		{E75AD5FF-9B46-459E-B225-4F5C84561E92}.Debug|Any CPU.ActiveCfg = Debug|Any CPU
		{E75AD5FF-9B46-459E-B225-4F5C84561E92}.Debug|Any CPU.Build.0 = Debug|Any CPU
		{E75AD5FF-9B46-459E-B225-4F5C84561E92}.Release|Any CPU.ActiveCfg = Release|Any CPU
		{E75AD5FF-9B46-459E-B225-4F5C84561E92}.Release|Any CPU.Build.0 = Release|Any CPU
		{91DB66F3-4E1F-47D4-8FB1-F2BE496C13D9}.Debug|Any CPU.ActiveCfg = Debug|Any CPU
		{91DB66F3-4E1F-47D4-8FB1-F2BE496C13D9}.Debug|Any CPU.Build.0 = Debug|Any CPU
		{91DB66F3-4E1F-47D4-8FB1-F2BE496C13D9}.Release|Any CPU.ActiveCfg = Release|Any CPU
		{91DB66F3-4E1F-47D4-8FB1-F2BE496C13D9}.Release|Any CPU.Build.0 = Release|Any CPU
		{2D601250-D3AC-4313-AAB1-7720B37D8E00}.Debug|Any CPU.ActiveCfg = Debug|Any CPU
		{2D601250-D3AC-4313-AAB1-7720B37D8E00}.Debug|Any CPU.Build.0 = Debug|Any CPU
		{2D601250-D3AC-4313-AAB1-7720B37D8E00}.Release|Any CPU.ActiveCfg = Release|Any CPU
		{2D601250-D3AC-4313-AAB1-7720B37D8E00}.Release|Any CPU.Build.0 = Release|Any CPU
		{6FACA053-2C29-4A4A-94A7-8C471E39B55F}.Debug|Any CPU.ActiveCfg = Debug|Any CPU
		{6FACA053-2C29-4A4A-94A7-8C471E39B55F}.Debug|Any CPU.Build.0 = Debug|Any CPU
		{6FACA053-2C29-4A4A-94A7-8C471E39B55F}.Release|Any CPU.ActiveCfg = Release|Any CPU
		{6FACA053-2C29-4A4A-94A7-8C471E39B55F}.Release|Any CPU.Build.0 = Release|Any CPU
		{09477CB3-F360-45D4-946D-5BD00F4EEC06}.Debug|Any CPU.ActiveCfg = Debug|Any CPU
		{09477CB3-F360-45D4-946D-5BD00F4EEC06}.Debug|Any CPU.Build.0 = Debug|Any CPU
		{09477CB3-F360-45D4-946D-5BD00F4EEC06}.Release|Any CPU.ActiveCfg = Release|Any CPU
		{09477CB3-F360-45D4-946D-5BD00F4EEC06}.Release|Any CPU.Build.0 = Release|Any CPU
		{15DD385A-8452-42D0-8E97-02B7E64A2418}.Debug|Any CPU.ActiveCfg = Debug|Any CPU
		{15DD385A-8452-42D0-8E97-02B7E64A2418}.Debug|Any CPU.Build.0 = Debug|Any CPU
		{15DD385A-8452-42D0-8E97-02B7E64A2418}.Release|Any CPU.ActiveCfg = Release|Any CPU
		{15DD385A-8452-42D0-8E97-02B7E64A2418}.Release|Any CPU.Build.0 = Release|Any CPU
		{0549EDEF-94C9-42A9-A70D-DFBB93E51D13}.Debug|Any CPU.ActiveCfg = Debug|Any CPU
		{0549EDEF-94C9-42A9-A70D-DFBB93E51D13}.Debug|Any CPU.Build.0 = Debug|Any CPU
		{0549EDEF-94C9-42A9-A70D-DFBB93E51D13}.Release|Any CPU.ActiveCfg = Release|Any CPU
		{0549EDEF-94C9-42A9-A70D-DFBB93E51D13}.Release|Any CPU.Build.0 = Release|Any CPU
		{932357A6-E1C8-4D1D-B0BB-A0DEF47B3A76}.Debug|Any CPU.ActiveCfg = Debug|Any CPU
		{932357A6-E1C8-4D1D-B0BB-A0DEF47B3A76}.Debug|Any CPU.Build.0 = Debug|Any CPU
		{932357A6-E1C8-4D1D-B0BB-A0DEF47B3A76}.Release|Any CPU.ActiveCfg = Release|Any CPU
		{932357A6-E1C8-4D1D-B0BB-A0DEF47B3A76}.Release|Any CPU.Build.0 = Release|Any CPU
		{5EDA3AC1-77D5-4330-BE26-D34E35AF87F6}.Debug|Any CPU.ActiveCfg = Debug|Any CPU
		{5EDA3AC1-77D5-4330-BE26-D34E35AF87F6}.Debug|Any CPU.Build.0 = Debug|Any CPU
		{5EDA3AC1-77D5-4330-BE26-D34E35AF87F6}.Release|Any CPU.ActiveCfg = Release|Any CPU
		{5EDA3AC1-77D5-4330-BE26-D34E35AF87F6}.Release|Any CPU.Build.0 = Release|Any CPU
		{2AD7F7F4-88DA-4960-89E0-401BC7B230D6}.Debug|Any CPU.ActiveCfg = Debug|Any CPU
		{2AD7F7F4-88DA-4960-89E0-401BC7B230D6}.Debug|Any CPU.Build.0 = Debug|Any CPU
		{2AD7F7F4-88DA-4960-89E0-401BC7B230D6}.Release|Any CPU.ActiveCfg = Release|Any CPU
		{2AD7F7F4-88DA-4960-89E0-401BC7B230D6}.Release|Any CPU.Build.0 = Release|Any CPU
		{E6342188-981D-4AEF-9B65-20F254E5E44D}.Debug|Any CPU.ActiveCfg = Debug|Any CPU
		{E6342188-981D-4AEF-9B65-20F254E5E44D}.Debug|Any CPU.Build.0 = Debug|Any CPU
		{E6342188-981D-4AEF-9B65-20F254E5E44D}.Release|Any CPU.ActiveCfg = Release|Any CPU
		{E6342188-981D-4AEF-9B65-20F254E5E44D}.Release|Any CPU.Build.0 = Release|Any CPU
		{39AAEBC9-6B7E-45DF-A5F0-F763D43264D0}.Debug|Any CPU.ActiveCfg = Debug|Any CPU
		{39AAEBC9-6B7E-45DF-A5F0-F763D43264D0}.Debug|Any CPU.Build.0 = Debug|Any CPU
		{39AAEBC9-6B7E-45DF-A5F0-F763D43264D0}.Release|Any CPU.ActiveCfg = Release|Any CPU
		{39AAEBC9-6B7E-45DF-A5F0-F763D43264D0}.Release|Any CPU.Build.0 = Release|Any CPU
	EndGlobalSection
	GlobalSection(SolutionProperties) = preSolution
		HideSolutionNode = FALSE
	EndGlobalSection
	GlobalSection(NestedProjects) = preSolution
		{1F488F18-717E-45EE-BE0E-AD0EF07CD95E} = {DDB4EF12-CC4E-5E88-E6FC-71A802F4DE97}
		{A131D303-ED37-402C-A4D4-F7EA54913FCB} = {7D999E71-48F5-40AF-A022-B19A059AA7CE}
		{57E4A291-CB0A-4E5C-ACDD-C50250A39555} = {7D999E71-48F5-40AF-A022-B19A059AA7CE}
		{07A22928-2E5D-421E-8B59-6F80A9D3BCDD} = {57E4A291-CB0A-4E5C-ACDD-C50250A39555}
		{66F306B3-1F66-4DE9-900F-21F03CB9A47F} = {7D999E71-48F5-40AF-A022-B19A059AA7CE}
		{89486367-376A-4659-A4E6-39AC131A9705} = {25D6634D-33F9-403F-9F9B-4ECC27009472}
		{E22A0E9D-14B4-4C92-BEE7-F68F7BF609F6} = {25D6634D-33F9-403F-9F9B-4ECC27009472}
		{6A13549D-9360-43B0-B814-2C43C5C317E6} = {7D999E71-48F5-40AF-A022-B19A059AA7CE}
		{1FDC09C3-8542-4B51-84AA-05700A57724C} = {6A13549D-9360-43B0-B814-2C43C5C317E6}
		{384FAF94-6297-41A6-B0A8-2035AF83A602} = {57E4A291-CB0A-4E5C-ACDD-C50250A39555}
		{67F6A97A-D35F-4FFB-A8FB-A8BDC7A4F96B} = {6110D528-87FF-4E8D-84BB-F819DF844257}
		{A2985542-64D3-4E45-BCA2-15175326FB94} = {6110D528-87FF-4E8D-84BB-F819DF844257}
		{F9BA6018-63E6-43C6-B2F8-2C63AFF8F727} = {A2985542-64D3-4E45-BCA2-15175326FB94}
		{375C6FC5-91E3-461A-8CDB-EE432A7F0F28} = {6110D528-87FF-4E8D-84BB-F819DF844257}
		{4EA682F1-DA2F-49CE-A60C-B75642468CD9} = {A2985542-64D3-4E45-BCA2-15175326FB94}
		{3CD96A1F-50EC-4F58-8B96-FCAD33657738} = {03E4D401-EB6B-4AEE-A23E-2F0C804B8097}
		{E6A3E396-8618-4A63-B2E8-76BB83316BCE} = {03E4D401-EB6B-4AEE-A23E-2F0C804B8097}
		{A9E132A5-8540-48EF-976E-836CEF02D4C0} = {E6A3E396-8618-4A63-B2E8-76BB83316BCE}
		{CA9360D3-08EB-428D-9695-F80B79B63F1D} = {E6A3E396-8618-4A63-B2E8-76BB83316BCE}
		{D0FB9E2B-4E93-412D-8305-D2C0D0977C7F} = {B9DE1BBB-3DCE-4DB1-9C20-43F38DCAE001}
		{F0212FDE-A83D-420F-906F-300DCF3FCC47} = {B43AED01-0BA9-4571-96C4-2F4F3EF16774}
		{BCB182B6-05B4-4A80-A350-83B620D4D42B} = {F0212FDE-A83D-420F-906F-300DCF3FCC47}
		{59BCE11F-DAD1-4424-9163-3544C4B06F20} = {B43AED01-0BA9-4571-96C4-2F4F3EF16774}
		{ECE800C6-48AB-489C-9E89-DCD2A5EE348B} = {B43AED01-0BA9-4571-96C4-2F4F3EF16774}
		{C64A4A8F-210A-4583-86F2-980A168F1957} = {F0212FDE-A83D-420F-906F-300DCF3FCC47}
		{78B1321A-E70D-422B-804C-9A435E2492A0} = {ABE2A59E-F104-4D17-8C8B-5F98922F5FB7}
		{11F5C0F0-E726-4D35-B968-AC707606F9D7} = {ABE2A59E-F104-4D17-8C8B-5F98922F5FB7}
		{78BD859B-06B0-4CD5-A75A-FCDBCE023A17} = {11F5C0F0-E726-4D35-B968-AC707606F9D7}
		{0AC67E3B-4613-448D-987F-EBEACED04C6B} = {11F5C0F0-E726-4D35-B968-AC707606F9D7}
		{FD40D563-3F2D-44E5-B965-BB6A7D101A1F} = {11F5C0F0-E726-4D35-B968-AC707606F9D7}
		{DCC6F1F1-1A5B-4767-AFCA-2234ADA5DBA1} = {ABE2A59E-F104-4D17-8C8B-5F98922F5FB7}
		{97585741-A6AC-4C77-A30E-A978F02CB90A} = {E6774973-5A4A-4D00-8DFC-C7064E592A2B}
		{D207CC77-AF7B-4E74-BA21-C1211D8E706D} = {E6774973-5A4A-4D00-8DFC-C7064E592A2B}
		{5FBC3BD9-7B7F-4EC4-A6FF-FAE3AB250DB0} = {E6774973-5A4A-4D00-8DFC-C7064E592A2B}
		{92A9FBFE-CAE9-4B73-A01B-888F490FE0E4} = {97585741-A6AC-4C77-A30E-A978F02CB90A}
		{85DCFBC7-6EDD-4FDB-AD5A-2A6C2605B878} = {97585741-A6AC-4C77-A30E-A978F02CB90A}
		{70A56A71-0B2D-4640-9F41-76A7E9A0C10F} = {3BF585AA-09AF-437A-A9B6-D5C5E3CD9B88}
		{1A797DA8-258A-4917-B64F-966B8830ECDF} = {70A56A71-0B2D-4640-9F41-76A7E9A0C10F}
		{729033D9-E2DE-434B-986E-2D57BE5F64BD} = {3BF585AA-09AF-437A-A9B6-D5C5E3CD9B88}
		{1D381EBE-8C2F-4691-929B-A65BBA629257} = {70A56A71-0B2D-4640-9F41-76A7E9A0C10F}
		{6EF7678A-A725-F430-3097-30F090C0100A} = {41D36857-B00C-4C04-BF6F-B9A98E54DECA}
		{010D0C11-D6A2-3CA6-3281-4E0FD547EC2D} = {41D36857-B00C-4C04-BF6F-B9A98E54DECA}
		{DB997FC9-0992-4C83-89B8-53ADEA590B2B} = {823B29CE-00E6-4137-945C-430EF3DD0411}
		{CD6216BE-30EB-4268-940F-9F5B01475F9E} = {823B29CE-00E6-4137-945C-430EF3DD0411}
		{33CA47EC-1A76-466B-BAC9-926AD228480A} = {CD6216BE-30EB-4268-940F-9F5B01475F9E}
		{477D4AC0-D1E4-41ED-BB4B-1BF8E20C9070} = {CD6216BE-30EB-4268-940F-9F5B01475F9E}
		{BB7E71A1-14CC-41F4-93D9-FCD05B175B70} = {CD6216BE-30EB-4268-940F-9F5B01475F9E}
		{8C88B160-CC90-4BF7-924A-A1D8A7A52E33} = {25D6634D-33F9-403F-9F9B-4ECC27009472}
		{FBC0613D-932B-4079-8D53-135209D768AF} = {6734109E-728B-4A08-BCF8-720508D844EB}
		{57479423-71AA-416C-AD5C-ACAB72834DD0} = {6734109E-728B-4A08-BCF8-720508D844EB}
		{21E8AE5B-E4B1-4533-BFE4-62D6FC3CF326} = {FBC0613D-932B-4079-8D53-135209D768AF}
		{94EAAABE-5F3E-45D4-8BE1-AB217F623039} = {FBC0613D-932B-4079-8D53-135209D768AF}
		{A3A37058-5CF3-4369-80FD-5714F28222FB} = {FBC0613D-932B-4079-8D53-135209D768AF}
		{04CB81BF-3306-42EE-B567-5A68A4ED786F} = {25D6634D-33F9-403F-9F9B-4ECC27009472}
		{E9A17AA2-A822-DBAD-5B94-1AAA6BD0E0AF} = {9FBF9CF3-1A79-42E0-8B19-806A5A7C51C9}
		{8FE08031-0F71-42DC-BC42-D6DD8732B35B} = {9FBF9CF3-1A79-42E0-8B19-806A5A7C51C9}
		{B3F3FE81-4330-0B4C-2412-6F395A20D39D} = {8FE08031-0F71-42DC-BC42-D6DD8732B35B}
		{41F54BB5-B932-4793-9E56-A7A54AEC573C} = {9FBF9CF3-1A79-42E0-8B19-806A5A7C51C9}
		{18C67137-6904-4F92-A0FE-8A06DA467A9A} = {8FE08031-0F71-42DC-BC42-D6DD8732B35B}
		{8ECA9E03-F3BE-495A-BFBB-E4F34B28E4C4} = {8FE08031-0F71-42DC-BC42-D6DD8732B35B}
		{CEF6E3A4-7D5B-4CAC-ACE7-55D573783E65} = {396668C7-2D32-4C32-A2C8-D35320B999F7}
		{7749C0DA-D750-4B2A-9EE8-085162C09B25} = {396668C7-2D32-4C32-A2C8-D35320B999F7}
		{DD2213B9-1C4E-464A-A248-E462E86BD0A4} = {396668C7-2D32-4C32-A2C8-D35320B999F7}
		{E9389E4B-3E28-4755-ACE9-1F8403AE51FA} = {396668C7-2D32-4C32-A2C8-D35320B999F7}
		{DB2AB702-4D10-4F2F-80D3-4DC230BDF1DD} = {396668C7-2D32-4C32-A2C8-D35320B999F7}
		{64EC5F29-209B-4413-A19B-494F8F8D6D24} = {396668C7-2D32-4C32-A2C8-D35320B999F7}
		{0D2A7E9C-67A4-4586-9D4A-4A8D7F99A13B} = {396668C7-2D32-4C32-A2C8-D35320B999F7}
		{570057BF-576B-44EC-99B2-616FD2233160} = {F7090407-7DE6-4D92-8F76-6C0092F02B13}
		{482131E8-7C07-4A06-89D6-8321C6674B82} = {F7090407-7DE6-4D92-8F76-6C0092F02B13}
		{1D1568A9-C260-4901-B58E-773543886DBC} = {09C8A36F-40AF-4742-8145-18F09AD7014B}
		{A73306FE-1F25-4DDC-BD94-09A975098724} = {09C8A36F-40AF-4742-8145-18F09AD7014B}
		{647EC580-22F2-4454-8E52-632D5D6165BD} = {A73306FE-1F25-4DDC-BD94-09A975098724}
		{96AE49BB-C20B-4ED2-9CBB-D99136F8FA6B} = {3B4DA025-5744-4591-80B7-405BD02FE471}
		{A3FBBBEF-ADB4-4D21-8500-A3F6241BEB0B} = {3B4DA025-5744-4591-80B7-405BD02FE471}
		{21C13B36-183B-4932-91EA-2DE5A0D2DC12} = {A3FBBBEF-ADB4-4D21-8500-A3F6241BEB0B}
		{E75AD5FF-9B46-459E-B225-4F5C84561E92} = {A3FBBBEF-ADB4-4D21-8500-A3F6241BEB0B}
		{91DB66F3-4E1F-47D4-8FB1-F2BE496C13D9} = {3B4DA025-5744-4591-80B7-405BD02FE471}
		{2D601250-D3AC-4313-AAB1-7720B37D8E00} = {3B4DA025-5744-4591-80B7-405BD02FE471}
		{6FACA053-2C29-4A4A-94A7-8C471E39B55F} = {3B4DA025-5744-4591-80B7-405BD02FE471}
		{8A8C4E39-401B-4460-A02B-603506BF86CD} = {7E6EA997-5D4D-4F9C-9598-12303747E091}
		{09477CB3-F360-45D4-946D-5BD00F4EEC06} = {8A8C4E39-401B-4460-A02B-603506BF86CD}
		{15DD385A-8452-42D0-8E97-02B7E64A2418} = {6AF93269-D54D-413C-B68E-DE538C4D6655}
		{ECBEF488-E5E2-4E62-8F59-E59BC654FD40} = {6AF93269-D54D-413C-B68E-DE538C4D6655}
		{0549EDEF-94C9-42A9-A70D-DFBB93E51D13} = {ECBEF488-E5E2-4E62-8F59-E59BC654FD40}
		{932357A6-E1C8-4D1D-B0BB-A0DEF47B3A76} = {ECBEF488-E5E2-4E62-8F59-E59BC654FD40}
		{161E041F-1869-400B-B441-00A2AE9902A2} = {ECBEF488-E5E2-4E62-8F59-E59BC654FD40}
		{5EDA3AC1-77D5-4330-BE26-D34E35AF87F6} = {161E041F-1869-400B-B441-00A2AE9902A2}
		{2AD7F7F4-88DA-4960-89E0-401BC7B230D6} = {ECBEF488-E5E2-4E62-8F59-E59BC654FD40}
		{E6342188-981D-4AEF-9B65-20F254E5E44D} = {BB522FDE-42EB-4B59-AFAA-3CBA4D886376}
		{39AAEBC9-6B7E-45DF-A5F0-F763D43264D0} = {396668C7-2D32-4C32-A2C8-D35320B999F7}
	EndGlobalSection
	GlobalSection(ExtensibilityGlobals) = postSolution
		SolutionGuid = {75369306-ACAD-482C-93AF-D284035616A9}
	EndGlobalSection
EndGlobal
