
Microsoft Visual Studio Solution File, Format Version 12.00
# Visual Studio Version 17
VisualStudioVersion = 17.13.35825.156
MinimumVisualStudioVersion = 10.0.40219.1
Project("{2150E333-8FDC-42A3-9474-1A3956D46DE8}") = "chapter01", "chapter01", "{DDB4EF12-CC4E-5E88-E6FC-71A802F4DE97}"
EndProject
Project("{FAE04EC0-301F-11D3-BF4B-00C04F79EFBC}") = "ProductSample", "chapter01\ProductSample\ProductSample.csproj", "{1F488F18-717E-45EE-BE0E-AD0EF07CD95E}"
EndProject
Project("{2150E333-8FDC-42A3-9474-1A3956D46DE8}") = "chapter02", "chapter02", "{7D999E71-48F5-40AF-A022-B19A059AA7CE}"
EndProject
Project("{FAE04EC0-301F-11D3-BF4B-00C04F79EFBC}") = "DistanceConverter", "chapter02\DistanceConverter\DistanceConverter.csproj", "{A131D303-ED37-402C-A4D4-F7EA54913FCB}"
EndProject
Project("{2150E333-8FDC-42A3-9474-1A3956D46DE8}") = "演習問題", "演習問題", "{57E4A291-CB0A-4E5C-ACDD-C50250A39555}"
EndProject
Project("{FAE04EC0-301F-11D3-BF4B-00C04F79EFBC}") = "Exercise02", "chapter02\演習問題\Exercise02\Exercise02.csproj", "{07A22928-2E5D-421E-8B59-6F80A9D3BCDD}"
EndProject
Project("{2150E333-8FDC-42A3-9474-1A3956D46DE8}") = "距離換算プログラム", "距離換算プログラム", "{66F306B3-1F66-4DE9-900F-21F03CB9A47F}"
EndProject
Project("{2150E333-8FDC-42A3-9474-1A3956D46DE8}") = "FormApps", "FormApps", "{25D6634D-33F9-403F-9F9B-4ECC27009472}"
EndProject
Project("{FAE04EC0-301F-11D3-BF4B-00C04F79EFBC}") = "UnitConverter", "FormApps\新しいフォルダー\UnitConverter\UnitConverter.csproj", "{89486367-376A-4659-A4E6-39AC131A9705}"
EndProject
Project("{FAE04EC0-301F-11D3-BF4B-00C04F79EFBC}") = "StopWatch", "FormApps\StopWatch\StopWatch.csproj", "{E22A0E9D-14B4-4C92-BEE7-F68F7BF609F6}"
EndProject
Project("{2150E333-8FDC-42A3-9474-1A3956D46DE8}") = "売上げ集計プログラム", "売上げ集計プログラム", "{6A13549D-9360-43B0-B814-2C43C5C317E6}"
EndProject
Project("{FAE04EC0-301F-11D3-BF4B-00C04F79EFBC}") = "SalesCalculator", "chapter02\chapter02\SalesCalculator\SalesCalculator.csproj", "{1FDC09C3-8542-4B51-84AA-05700A57724C}"
EndProject
Project("{FAE04EC0-301F-11D3-BF4B-00C04F79EFBC}") = "Exercise01", "chapter02\演習問題\Exercise01\Exercise01.csproj", "{384FAF94-6297-41A6-B0A8-2035AF83A602}"
EndProject
Project("{2150E333-8FDC-42A3-9474-1A3956D46DE8}") = "Chapter03", "Chapter03", "{6110D528-87FF-4E8D-84BB-F819DF844257}"
EndProject
Project("{FAE04EC0-301F-11D3-BF4B-00C04F79EFBC}") = "Section01", "Chapter03\Section01\Section01.csproj", "{67F6A97A-D35F-4FFB-A8FB-A8BDC7A4F96B}"
EndProject
Project("{2150E333-8FDC-42A3-9474-1A3956D46DE8}") = "演習問題", "演習問題", "{A2985542-64D3-4E45-BCA2-15175326FB94}"
EndProject
Project("{FAE04EC0-301F-11D3-BF4B-00C04F79EFBC}") = "Exercise02", "Chapter03\演習問題\Exercise02\Exercise02.csproj", "{F9BA6018-63E6-43C6-B2F8-2C63AFF8F727}"
EndProject
Project("{FAE04EC0-301F-11D3-BF4B-00C04F79EFBC}") = "Section04", "Chapter03\Section04\Section04\Section04.csproj", "{375C6FC5-91E3-461A-8CDB-EE432A7F0F28}"
EndProject
Project("{FAE04EC0-301F-11D3-BF4B-00C04F79EFBC}") = "Exercise01", "Chapter03\演習問題\Exercise01\Exercise01.csproj", "{4EA682F1-DA2F-49CE-A60C-B75642468CD9}"
EndProject
Project("{2150E333-8FDC-42A3-9474-1A3956D46DE8}") = "Chapter04", "Chapter04", "{03E4D401-EB6B-4AEE-A23E-2F0C804B8097}"
EndProject
Project("{FAE04EC0-301F-11D3-BF4B-00C04F79EFBC}") = "Section04", "Chapter04\Section04\Section04.csproj", "{3CD96A1F-50EC-4F58-8B96-FCAD33657738}"
EndProject
Project("{2150E333-8FDC-42A3-9474-1A3956D46DE8}") = "演習問題", "演習問題", "{E6A3E396-8618-4A63-B2E8-76BB83316BCE}"
EndProject
Project("{FAE04EC0-301F-11D3-BF4B-00C04F79EFBC}") = "Exercise01", "Chapter04\演習問題\Exercise01\Exercise01.csproj", "{A9E132A5-8540-48EF-976E-836CEF02D4C0}"
EndProject
Project("{FAE04EC0-301F-11D3-BF4B-00C04F79EFBC}") = "Exercise02", "Chapter04\演習問題\Exercise02\Exercise02.csproj", "{CA9360D3-08EB-428D-9695-F80B79B63F1D}"
EndProject
Project("{2150E333-8FDC-42A3-9474-1A3956D46DE8}") = "LINQ", "LINQ", "{B9DE1BBB-3DCE-4DB1-9C20-43F38DCAE001}"
EndProject
Project("{FAE04EC0-301F-11D3-BF4B-00C04F79EFBC}") = "Linqsample", "LINQ\Linqsample\Linqsample.csproj", "{D0FB9E2B-4E93-412D-8305-D2C0D0977C7F}"
EndProject
Project("{2150E333-8FDC-42A3-9474-1A3956D46DE8}") = "Chapter07", "Chapter07", "{B43AED01-0BA9-4571-96C4-2F4F3EF16774}"
EndProject
Project("{2150E333-8FDC-42A3-9474-1A3956D46DE8}") = "演習問題", "演習問題", "{F0212FDE-A83D-420F-906F-300DCF3FCC47}"
EndProject
Project("{FAE04EC0-301F-11D3-BF4B-00C04F79EFBC}") = "Exercise01", "Chapter07\演習問題\Exercise01\Exercise01.csproj", "{BCB182B6-05B4-4A80-A350-83B620D4D42B}"
EndProject
Global
	GlobalSection(SolutionConfigurationPlatforms) = preSolution
		Debug|Any CPU = Debug|Any CPU
		Release|Any CPU = Release|Any CPU
	EndGlobalSection
	GlobalSection(ProjectConfigurationPlatforms) = postSolution
		{1F488F18-717E-45EE-BE0E-AD0EF07CD95E}.Debug|Any CPU.ActiveCfg = Debug|Any CPU
		{1F488F18-717E-45EE-BE0E-AD0EF07CD95E}.Debug|Any CPU.Build.0 = Debug|Any CPU
		{1F488F18-717E-45EE-BE0E-AD0EF07CD95E}.Release|Any CPU.ActiveCfg = Release|Any CPU
		{1F488F18-717E-45EE-BE0E-AD0EF07CD95E}.Release|Any CPU.Build.0 = Release|Any CPU
		{A131D303-ED37-402C-A4D4-F7EA54913FCB}.Debug|Any CPU.ActiveCfg = Debug|Any CPU
		{A131D303-ED37-402C-A4D4-F7EA54913FCB}.Debug|Any CPU.Build.0 = Debug|Any CPU
		{A131D303-ED37-402C-A4D4-F7EA54913FCB}.Release|Any CPU.ActiveCfg = Release|Any CPU
		{A131D303-ED37-402C-A4D4-F7EA54913FCB}.Release|Any CPU.Build.0 = Release|Any CPU
		{07A22928-2E5D-421E-8B59-6F80A9D3BCDD}.Debug|Any CPU.ActiveCfg = Debug|Any CPU
		{07A22928-2E5D-421E-8B59-6F80A9D3BCDD}.Debug|Any CPU.Build.0 = Debug|Any CPU
		{07A22928-2E5D-421E-8B59-6F80A9D3BCDD}.Release|Any CPU.ActiveCfg = Release|Any CPU
		{07A22928-2E5D-421E-8B59-6F80A9D3BCDD}.Release|Any CPU.Build.0 = Release|Any CPU
		{89486367-376A-4659-A4E6-39AC131A9705}.Debug|Any CPU.ActiveCfg = Debug|Any CPU
		{89486367-376A-4659-A4E6-39AC131A9705}.Debug|Any CPU.Build.0 = Debug|Any CPU
		{89486367-376A-4659-A4E6-39AC131A9705}.Release|Any CPU.ActiveCfg = Release|Any CPU
		{89486367-376A-4659-A4E6-39AC131A9705}.Release|Any CPU.Build.0 = Release|Any CPU
		{E22A0E9D-14B4-4C92-BEE7-F68F7BF609F6}.Debug|Any CPU.ActiveCfg = Debug|Any CPU
		{E22A0E9D-14B4-4C92-BEE7-F68F7BF609F6}.Debug|Any CPU.Build.0 = Debug|Any CPU
		{E22A0E9D-14B4-4C92-BEE7-F68F7BF609F6}.Release|Any CPU.ActiveCfg = Release|Any CPU
		{E22A0E9D-14B4-4C92-BEE7-F68F7BF609F6}.Release|Any CPU.Build.0 = Release|Any CPU
		{1FDC09C3-8542-4B51-84AA-05700A57724C}.Debug|Any CPU.ActiveCfg = Debug|Any CPU
		{1FDC09C3-8542-4B51-84AA-05700A57724C}.Debug|Any CPU.Build.0 = Debug|Any CPU
		{1FDC09C3-8542-4B51-84AA-05700A57724C}.Release|Any CPU.ActiveCfg = Release|Any CPU
		{1FDC09C3-8542-4B51-84AA-05700A57724C}.Release|Any CPU.Build.0 = Release|Any CPU
		{384FAF94-6297-41A6-B0A8-2035AF83A602}.Debug|Any CPU.ActiveCfg = Debug|Any CPU
		{384FAF94-6297-41A6-B0A8-2035AF83A602}.Debug|Any CPU.Build.0 = Debug|Any CPU
		{384FAF94-6297-41A6-B0A8-2035AF83A602}.Release|Any CPU.ActiveCfg = Release|Any CPU
		{384FAF94-6297-41A6-B0A8-2035AF83A602}.Release|Any CPU.Build.0 = Release|Any CPU
		{67F6A97A-D35F-4FFB-A8FB-A8BDC7A4F96B}.Debug|Any CPU.ActiveCfg = Debug|Any CPU
		{67F6A97A-D35F-4FFB-A8FB-A8BDC7A4F96B}.Debug|Any CPU.Build.0 = Debug|Any CPU
		{67F6A97A-D35F-4FFB-A8FB-A8BDC7A4F96B}.Release|Any CPU.ActiveCfg = Release|Any CPU
		{67F6A97A-D35F-4FFB-A8FB-A8BDC7A4F96B}.Release|Any CPU.Build.0 = Release|Any CPU
		{F9BA6018-63E6-43C6-B2F8-2C63AFF8F727}.Debug|Any CPU.ActiveCfg = Debug|Any CPU
		{F9BA6018-63E6-43C6-B2F8-2C63AFF8F727}.Debug|Any CPU.Build.0 = Debug|Any CPU
		{F9BA6018-63E6-43C6-B2F8-2C63AFF8F727}.Release|Any CPU.ActiveCfg = Release|Any CPU
		{F9BA6018-63E6-43C6-B2F8-2C63AFF8F727}.Release|Any CPU.Build.0 = Release|Any CPU
		{375C6FC5-91E3-461A-8CDB-EE432A7F0F28}.Debug|Any CPU.ActiveCfg = Debug|Any CPU
		{375C6FC5-91E3-461A-8CDB-EE432A7F0F28}.Debug|Any CPU.Build.0 = Debug|Any CPU
		{375C6FC5-91E3-461A-8CDB-EE432A7F0F28}.Release|Any CPU.ActiveCfg = Release|Any CPU
		{375C6FC5-91E3-461A-8CDB-EE432A7F0F28}.Release|Any CPU.Build.0 = Release|Any CPU
		{4EA682F1-DA2F-49CE-A60C-B75642468CD9}.Debug|Any CPU.ActiveCfg = Debug|Any CPU
		{4EA682F1-DA2F-49CE-A60C-B75642468CD9}.Debug|Any CPU.Build.0 = Debug|Any CPU
		{4EA682F1-DA2F-49CE-A60C-B75642468CD9}.Release|Any CPU.ActiveCfg = Release|Any CPU
		{4EA682F1-DA2F-49CE-A60C-B75642468CD9}.Release|Any CPU.Build.0 = Release|Any CPU
		{3CD96A1F-50EC-4F58-8B96-FCAD33657738}.Debug|Any CPU.ActiveCfg = Debug|Any CPU
		{3CD96A1F-50EC-4F58-8B96-FCAD33657738}.Debug|Any CPU.Build.0 = Debug|Any CPU
		{3CD96A1F-50EC-4F58-8B96-FCAD33657738}.Release|Any CPU.ActiveCfg = Release|Any CPU
		{3CD96A1F-50EC-4F58-8B96-FCAD33657738}.Release|Any CPU.Build.0 = Release|Any CPU
		{A9E132A5-8540-48EF-976E-836CEF02D4C0}.Debug|Any CPU.ActiveCfg = Debug|Any CPU
		{A9E132A5-8540-48EF-976E-836CEF02D4C0}.Debug|Any CPU.Build.0 = Debug|Any CPU
		{A9E132A5-8540-48EF-976E-836CEF02D4C0}.Release|Any CPU.ActiveCfg = Release|Any CPU
		{A9E132A5-8540-48EF-976E-836CEF02D4C0}.Release|Any CPU.Build.0 = Release|Any CPU
		{CA9360D3-08EB-428D-9695-F80B79B63F1D}.Debug|Any CPU.ActiveCfg = Debug|Any CPU
		{CA9360D3-08EB-428D-9695-F80B79B63F1D}.Debug|Any CPU.Build.0 = Debug|Any CPU
		{CA9360D3-08EB-428D-9695-F80B79B63F1D}.Release|Any CPU.ActiveCfg = Release|Any CPU
		{CA9360D3-08EB-428D-9695-F80B79B63F1D}.Release|Any CPU.Build.0 = Release|Any CPU
		{D0FB9E2B-4E93-412D-8305-D2C0D0977C7F}.Debug|Any CPU.ActiveCfg = Debug|Any CPU
		{D0FB9E2B-4E93-412D-8305-D2C0D0977C7F}.Debug|Any CPU.Build.0 = Debug|Any CPU
		{D0FB9E2B-4E93-412D-8305-D2C0D0977C7F}.Release|Any CPU.ActiveCfg = Release|Any CPU
		{D0FB9E2B-4E93-412D-8305-D2C0D0977C7F}.Release|Any CPU.Build.0 = Release|Any CPU
		{BCB182B6-05B4-4A80-A350-83B620D4D42B}.Debug|Any CPU.ActiveCfg = Debug|Any CPU
		{BCB182B6-05B4-4A80-A350-83B620D4D42B}.Debug|Any CPU.Build.0 = Debug|Any CPU
		{BCB182B6-05B4-4A80-A350-83B620D4D42B}.Release|Any CPU.ActiveCfg = Release|Any CPU
		{BCB182B6-05B4-4A80-A350-83B620D4D42B}.Release|Any CPU.Build.0 = Release|Any CPU
	EndGlobalSection
	GlobalSection(SolutionProperties) = preSolution
		HideSolutionNode = FALSE
	EndGlobalSection
	GlobalSection(NestedProjects) = preSolution
		{1F488F18-717E-45EE-BE0E-AD0EF07CD95E} = {DDB4EF12-CC4E-5E88-E6FC-71A802F4DE97}
		{A131D303-ED37-402C-A4D4-F7EA54913FCB} = {7D999E71-48F5-40AF-A022-B19A059AA7CE}
		{57E4A291-CB0A-4E5C-ACDD-C50250A39555} = {7D999E71-48F5-40AF-A022-B19A059AA7CE}
		{07A22928-2E5D-421E-8B59-6F80A9D3BCDD} = {57E4A291-CB0A-4E5C-ACDD-C50250A39555}
		{66F306B3-1F66-4DE9-900F-21F03CB9A47F} = {7D999E71-48F5-40AF-A022-B19A059AA7CE}
		{89486367-376A-4659-A4E6-39AC131A9705} = {25D6634D-33F9-403F-9F9B-4ECC27009472}
		{E22A0E9D-14B4-4C92-BEE7-F68F7BF609F6} = {25D6634D-33F9-403F-9F9B-4ECC27009472}
		{6A13549D-9360-43B0-B814-2C43C5C317E6} = {7D999E71-48F5-40AF-A022-B19A059AA7CE}
		{1FDC09C3-8542-4B51-84AA-05700A57724C} = {6A13549D-9360-43B0-B814-2C43C5C317E6}
		{384FAF94-6297-41A6-B0A8-2035AF83A602} = {57E4A291-CB0A-4E5C-ACDD-C50250A39555}
		{67F6A97A-D35F-4FFB-A8FB-A8BDC7A4F96B} = {6110D528-87FF-4E8D-84BB-F819DF844257}
		{A2985542-64D3-4E45-BCA2-15175326FB94} = {6110D528-87FF-4E8D-84BB-F819DF844257}
		{F9BA6018-63E6-43C6-B2F8-2C63AFF8F727} = {A2985542-64D3-4E45-BCA2-15175326FB94}
		{375C6FC5-91E3-461A-8CDB-EE432A7F0F28} = {6110D528-87FF-4E8D-84BB-F819DF844257}
		{4EA682F1-DA2F-49CE-A60C-B75642468CD9} = {A2985542-64D3-4E45-BCA2-15175326FB94}
		{3CD96A1F-50EC-4F58-8B96-FCAD33657738} = {03E4D401-EB6B-4AEE-A23E-2F0C804B8097}
		{E6A3E396-8618-4A63-B2E8-76BB83316BCE} = {03E4D401-EB6B-4AEE-A23E-2F0C804B8097}
		{A9E132A5-8540-48EF-976E-836CEF02D4C0} = {E6A3E396-8618-4A63-B2E8-76BB83316BCE}
		{CA9360D3-08EB-428D-9695-F80B79B63F1D} = {E6A3E396-8618-4A63-B2E8-76BB83316BCE}
		{D0FB9E2B-4E93-412D-8305-D2C0D0977C7F} = {B9DE1BBB-3DCE-4DB1-9C20-43F38DCAE001}
		{F0212FDE-A83D-420F-906F-300DCF3FCC47} = {B43AED01-0BA9-4571-96C4-2F4F3EF16774}
		{BCB182B6-05B4-4A80-A350-83B620D4D42B} = {F0212FDE-A83D-420F-906F-300DCF3FCC47}
	EndGlobalSection
	GlobalSection(ExtensibilityGlobals) = postSolution
		SolutionGuid = {75369306-ACAD-482C-93AF-D284035616A9}
	EndGlobalSection
EndGlobal
